
Microsoft Visual Studio Solution File, Format Version 12.00
# Visual Studio Version 16
VisualStudioVersion = 16.0.31613.86
MinimumVisualStudioVersion = 10.0.40219.1
Project("{9A19103F-16F7-4668-BE54-9A1E7A4F7556}") = "CabInvoiceGenerator", "CabInvoiceGenerator\CabInvoiceGenerator.csproj", "{23F8F66C-9B8F-4CDE-8BD5-BC22946BB74C}"
EndProject
Global
	GlobalSection(SolutionConfigurationPlatforms) = preSolution
		Debug|Any CPU = Debug|Any CPU
		Release|Any CPU = Release|Any CPU
	EndGlobalSection
	GlobalSection(ProjectConfigurationPlatforms) = postSolution
		{23F8F66C-9B8F-4CDE-8BD5-BC22946BB74C}.Debug|Any CPU.ActiveCfg = Debug|Any CPU
		{23F8F66C-9B8F-4CDE-8BD5-BC22946BB74C}.Debug|Any CPU.Build.0 = Debug|Any CPU
		{23F8F66C-9B8F-4CDE-8BD5-BC22946BB74C}.Release|Any CPU.ActiveCfg = Release|Any CPU
		{23F8F66C-9B8F-4CDE-8BD5-BC22946BB74C}.Release|Any CPU.Build.0 = Release|Any CPU
	EndGlobalSection
	GlobalSection(SolutionProperties) = preSolution
		HideSolutionNode = FALSE
	EndGlobalSection
	GlobalSection(ExtensibilityGlobals) = postSolution
		SolutionGuid = {5735DF0A-3FB4-4FA7-BCDC-F87FAF916999}
	EndGlobalSection
EndGlobal
